
Microsoft Visual Studio Solution File, Format Version 12.00
# Visual Studio Version 16
VisualStudioVersion = 16.0.30204.135
MinimumVisualStudioVersion = 10.0.40219.1
Project("{FAE04EC0-301F-11D3-BF4B-00C04F79EFBC}") = "WpfWithMVVM", "WpfWithMVVM\WpfWithMVVM.csproj", "{EB6F78BB-C5DF-449C-A20E-375AF232212B}"
EndProject
Global
	GlobalSection(SolutionConfigurationPlatforms) = preSolution
		Debug|Any CPU = Debug|Any CPU
		Release|Any CPU = Release|Any CPU
	EndGlobalSection
	GlobalSection(ProjectConfigurationPlatforms) = postSolution
		{EB6F78BB-C5DF-449C-A20E-375AF232212B}.Debug|Any CPU.ActiveCfg = Debug|Any CPU
		{EB6F78BB-C5DF-449C-A20E-375AF232212B}.Debug|Any CPU.Build.0 = Debug|Any CPU
		{EB6F78BB-C5DF-449C-A20E-375AF232212B}.Release|Any CPU.ActiveCfg = Release|Any CPU
		{EB6F78BB-C5DF-449C-A20E-375AF232212B}.Release|Any CPU.Build.0 = Release|Any CPU
	EndGlobalSection
	GlobalSection(SolutionProperties) = preSolution
		HideSolutionNode = FALSE
	EndGlobalSection
	GlobalSection(ExtensibilityGlobals) = postSolution
		SolutionGuid = {1F1572CF-3A8C-4433-9011-607914205F72}
	EndGlobalSection
EndGlobal
